{
  "name": "@spryker/onboarding-radio",
  "version": "0.0.1",
  "lockfileVersion": 1,
  "requires": true,
  "dependencies": {
    "@angular/cdk": {
      "version": "9.2.4",
      "resolved": "https://registry.npmjs.org/@angular/cdk/-/cdk-9.2.4.tgz",
      "integrity": "sha512-iw2+qHMXHYVC6K/fttHeNHIieSKiTEodVutZoOEcBu9rmRTGbLB26V/CRsfIRmA1RBk+uFYWc6UQZnMC3RdnJQ==",
      "requires": {
        "parse5": "^5.0.0"
      }
    },
    "@angular/forms": {
      "version": "10.2.0",
      "resolved": "https://registry.npmjs.org/@angular/forms/-/forms-10.2.0.tgz",
      "integrity": "sha512-pRQP5AWyB37rJWtgvZRWA3H+EMcP9M7QybOAfCf7z9CMRhKK+jVvd5yQqyqOYWOEBuS0kUD3HM/vrpZywhK/6g==",
      "requires": {
        "tslib": "^2.0.0"
      },
      "dependencies": {
        "tslib": {
          "version": "2.0.3",
          "resolved": "https://registry.npmjs.org/tslib/-/tslib-2.0.3.tgz",
          "integrity": "sha512-uZtkfKblCEQtZKBF6EBXVZeQNl82yqtDQdv+eck8u7tdPxjLu2/lp5/uPW+um2tpuxINHWy3GhiccY7QgEaVHQ=="
        }
      }
    },
    "@ant-design/colors": {
      "version": "3.2.2",
      "resolved": "https://registry.npmjs.org/@ant-design/colors/-/colors-3.2.2.tgz",
      "integrity": "sha512-YKgNbG2dlzqMhA9NtI3/pbY16m3Yl/EeWBRa+lB1X1YaYxHrxNexiQYCLTWO/uDvAjLFMEDU+zR901waBtMtjQ==",
      "requires": {
        "tinycolor2": "^1.4.1"
      }
    },
    "@ant-design/icons-angular": {
      "version": "9.0.1",
      "resolved": "https://registry.npmjs.org/@ant-design/icons-angular/-/icons-angular-9.0.1.tgz",
      "integrity": "sha512-bWdHOmO4LSQ3wpmivwTI7EWiRUMGSVA+fyfiGZ9IrQqoccg9XjGcWqT/VA9A45OV0QTKweo4hp3xaTzRBKsc+g==",
      "requires": {
        "@ant-design/colors": "^3.1.0"
      }
    },
    "date-fns": {
      "version": "2.16.1",
      "resolved": "https://registry.npmjs.org/date-fns/-/date-fns-2.16.1.tgz",
      "integrity": "sha512-sAJVKx/FqrLYHAQeN7VpJrPhagZc9R4ImZIWYRFZaaohR3KzmuK88touwsSwSVT8Qcbd4zoDsnGfX4GFB4imyQ=="
    },
    "ng-zorro-antd": {
      "version": "9.3.0",
      "resolved": "https://registry.npmjs.org/ng-zorro-antd/-/ng-zorro-antd-9.3.0.tgz",
      "integrity": "sha512-O7uRCnsFTGHn/74ly8VCUoaMlED3cWLJfvbD0FLzDjBlnz77kcuM5qd+yGMT2hAYXmXYWu2ZRRJWLx5QUGLHkA==",
      "requires": {
        "@angular/cdk": "^9.0.0",
        "@ant-design/icons-angular": "^9.0.0",
        "date-fns": "^2.10.0",
        "resize-observer-polyfill": "^1.5.1",
        "tslib": "^1.10.0"
      }
    },
    "parse5": {
      "version": "5.1.1",
      "resolved": "https://registry.npmjs.org/parse5/-/parse5-5.1.1.tgz",
      "integrity": "sha512-ugq4DFI0Ptb+WWjAdOK16+u/nHfiIrcE+sh8kZMaM0WllQKLI9rOUq6c2b7cwPkXdzfQESqvoqK6ug7U/Yyzug==",
      "optional": true
    },
    "resize-observer-polyfill": {
      "version": "1.5.1",
      "resolved": "https://registry.npmjs.org/resize-observer-polyfill/-/resize-observer-polyfill-1.5.1.tgz",
      "integrity": "sha512-LwZrotdHOo12nQuZlHEmtuXdqGoOD0OhaxopaNFxWzInpEgaLWoVuAMbTzixuosCx2nEG58ngzW3vxdWoxIgdg=="
    },
    "tinycolor2": {
      "version": "1.4.2",
      "resolved": "https://registry.npmjs.org/tinycolor2/-/tinycolor2-1.4.2.tgz",
      "integrity": "sha512-vJhccZPs965sV/L2sU4oRQVAos0pQXwsvTLkWYdqJ+a8Q5kPFzJTuOFwy7UniPli44NKQGAglksjvOcpo95aZA=="
    },
    "tslib": {
      "version": "1.14.1",
      "resolved": "https://registry.npmjs.org/tslib/-/tslib-1.14.1.tgz",
      "integrity": "sha512-Xni35NKzjgMrwevysHTCArtLDpPvye8zV/0E4EyYn43P7/7qvQwPh9BGkHewbMulVntbigmcT7rdX3BNo9wRJg=="
    }
  }
}
